
Microsoft Visual Studio Solution File, Format Version 12.00
# Visual Studio Version 17
VisualStudioVersion = 17.3.32929.385
MinimumVisualStudioVersion = 10.0.40219.1
Project("{FAE04EC0-301F-11D3-BF4B-00C04F79EFBC}") = "MasterCrupt", "MasterCrupt\MasterCrupt.csproj", "{D996CF33-1C64-496C-8BF8-975D78C7A243}"
EndProject
Project("{FAE04EC0-301F-11D3-BF4B-00C04F79EFBC}") = "UI.Common", "UI.Common\UI.Common.csproj", "{2F1D6E21-EEB1-4F8F-ABA0-DD0A0B271A0A}"
EndProject
Project("{FAE04EC0-301F-11D3-BF4B-00C04F79EFBC}") = "StrangerEonsLtd", "StrangerEonsLtd\StrangerEonsLtd.csproj", "{7219EF60-BEDB-4F67-91FB-1E036942120B}"
EndProject
Global
	GlobalSection(SolutionConfigurationPlatforms) = preSolution
		Debug|Any CPU = Debug|Any CPU
		Release|Any CPU = Release|Any CPU
	EndGlobalSection
	GlobalSection(ProjectConfigurationPlatforms) = postSolution
		{D996CF33-1C64-496C-8BF8-975D78C7A243}.Debug|Any CPU.ActiveCfg = Debug|Any CPU
		{D996CF33-1C64-496C-8BF8-975D78C7A243}.Debug|Any CPU.Build.0 = Debug|Any CPU
		{D996CF33-1C64-496C-8BF8-975D78C7A243}.Release|Any CPU.ActiveCfg = Release|Any CPU
		{D996CF33-1C64-496C-8BF8-975D78C7A243}.Release|Any CPU.Build.0 = Release|Any CPU
		{2F1D6E21-EEB1-4F8F-ABA0-DD0A0B271A0A}.Debug|Any CPU.ActiveCfg = Debug|Any CPU
		{2F1D6E21-EEB1-4F8F-ABA0-DD0A0B271A0A}.Debug|Any CPU.Build.0 = Debug|Any CPU
		{2F1D6E21-EEB1-4F8F-ABA0-DD0A0B271A0A}.Release|Any CPU.ActiveCfg = Release|Any CPU
		{2F1D6E21-EEB1-4F8F-ABA0-DD0A0B271A0A}.Release|Any CPU.Build.0 = Release|Any CPU
		{7219EF60-BEDB-4F67-91FB-1E036942120B}.Debug|Any CPU.ActiveCfg = Debug|Any CPU
		{7219EF60-BEDB-4F67-91FB-1E036942120B}.Debug|Any CPU.Build.0 = Debug|Any CPU
		{7219EF60-BEDB-4F67-91FB-1E036942120B}.Release|Any CPU.ActiveCfg = Release|Any CPU
		{7219EF60-BEDB-4F67-91FB-1E036942120B}.Release|Any CPU.Build.0 = Release|Any CPU
	EndGlobalSection
	GlobalSection(SolutionProperties) = preSolution
		HideSolutionNode = FALSE
	EndGlobalSection
	GlobalSection(ExtensibilityGlobals) = postSolution
		SolutionGuid = {F2A57C53-BDA0-4E6D-88D5-DDC152C8FC73}
	EndGlobalSection
EndGlobal
